
Microsoft Visual Studio Solution File, Format Version 11.00
# Visual Studio 2010
Project("{FAE04EC0-301F-11D3-BF4B-00C04F79EFBC}") = "BridgePattern", "BridgePattern\BridgePattern.csproj", "{BE4A97D3-F9A5-4F62-B011-E8FBE42EC09B}"
EndProject
Project("{FAE04EC0-301F-11D3-BF4B-00C04F79EFBC}") = "CommandPattern", "CommandPattern\CommandPattern.csproj", "{8D626C2A-71F4-4AE8-947F-FC5EB686D2A5}"
EndProject
Project("{FAE04EC0-301F-11D3-BF4B-00C04F79EFBC}") = "ChainOfResponsibilityPattern", "ChainOfResponsibilityPattern\ChainOfResponsibilityPattern.csproj", "{3FB9E221-AAA5-4802-B207-99EB3D502A57}"
EndProject
Project("{FAE04EC0-301F-11D3-BF4B-00C04F79EFBC}") = "MediatorPattern", "MediatorPattern\MediatorPattern.csproj", "{52AC7629-39F9-4F8A-A3AC-DCFC2275E6D5}"
EndProject
Project("{FAE04EC0-301F-11D3-BF4B-00C04F79EFBC}") = "BuilderPattern", "BuilderPattern\BuilderPattern.csproj", "{35DC30BC-7ACC-4813-A158-9F7F27BEFEA6}"
EndProject
Project("{FAE04EC0-301F-11D3-BF4B-00C04F79EFBC}") = "CompositePattern", "CompositePattern\CompositePattern.csproj", "{6C2DB76A-24CF-450C-8E37-DE5FB32121D3}"
EndProject
Project("{FAE04EC0-301F-11D3-BF4B-00C04F79EFBC}") = "DecoratorPattern", "DecoratorPattern\DecoratorPattern.csproj", "{D5EC6134-D628-4B83-B319-0C1F0064D374}"
EndProject
Project("{FAE04EC0-301F-11D3-BF4B-00C04F79EFBC}") = "IteratorPattern", "IteratorPattern\IteratorPattern.csproj", "{F444DB76-2B55-4D70-9AE5-8D6DF8E6E693}"
EndProject
Project("{FAE04EC0-301F-11D3-BF4B-00C04F79EFBC}") = "MementoPattern", "MementoPattern\MementoPattern.csproj", "{79C832D0-8B3C-4164-83A3-E3CAFDD6469A}"
EndProject
Project("{FAE04EC0-301F-11D3-BF4B-00C04F79EFBC}") = "PrototypePattern", "PrototypePattern\PrototypePattern.csproj", "{9674A2EB-922A-4307-AD94-DA8D6CE3F57D}"
EndProject
Project("{FAE04EC0-301F-11D3-BF4B-00C04F79EFBC}") = "ProxyPattern", "ProxyPattern\ProxyPattern.csproj", "{C76FC82C-D000-47C6-BA87-C4BC8707583E}"
EndProject
Project("{FAE04EC0-301F-11D3-BF4B-00C04F79EFBC}") = "SimpleFactoryPattern", "SimpleFactoryPattern\SimpleFactoryPattern.csproj", "{A54102EC-DC08-430C-8186-89CC1697DF9C}"
EndProject
Project("{FAE04EC0-301F-11D3-BF4B-00C04F79EFBC}") = "StatePattern", "StatePattern\StatePattern.csproj", "{36C48B61-439E-4D08-87E4-B22948D05A65}"
EndProject
Project("{FAE04EC0-301F-11D3-BF4B-00C04F79EFBC}") = "StrategyPattern", "StrategyPattern\StrategyPattern.csproj", "{0BDA2370-6C93-4CEB-A849-6D6D5A8DF7DE}"
EndProject
Project("{FAE04EC0-301F-11D3-BF4B-00C04F79EFBC}") = "TemplatePattern", "TemplatePattern\TemplatePattern.csproj", "{4846AF7A-0E29-47AB-9539-59200EBC3520}"
EndProject
Project("{FAE04EC0-301F-11D3-BF4B-00C04F79EFBC}") = "FlyweightPattern", "FlyweightPattern\FlyweightPattern.csproj", "{8E476620-967B-43A4-896F-7BC09535531E}"
EndProject
Project("{FAE04EC0-301F-11D3-BF4B-00C04F79EFBC}") = "InterpreterPattern", "InterpreterPattern\InterpreterPattern.csproj", "{089DDA6D-BD62-4C68-A9D8-75C53D1513C6}"
EndProject
Project("{FAE04EC0-301F-11D3-BF4B-00C04F79EFBC}") = "VisitorPattern", "VisitorPattern\VisitorPattern.csproj", "{2159D82B-E275-4DC1-90AB-D42A29B64012}"
EndProject
Project("{2150E333-8FDC-42A3-9474-1A3956D46DE8}") = "创造型模式", "创造型模式", "{1BB6A1A8-2141-4927-BAEC-7EDFA7D76C7C}"
EndProject
Project("{FAE04EC0-301F-11D3-BF4B-00C04F79EFBC}") = "AbstractFactoryPattern", "AbstractFactoryPattern\AbstractFactoryPattern.csproj", "{688758EF-3BC5-4035-9820-86EB7F35B4DB}"
EndProject
Project("{FAE04EC0-301F-11D3-BF4B-00C04F79EFBC}") = "SingletonPattern", "SingletonPattern\SingletonPattern.csproj", "{8D99D71E-B21A-4506-95ED-F29C9A00EA54}"
EndProject
Project("{2150E333-8FDC-42A3-9474-1A3956D46DE8}") = "行为型模式", "行为型模式", "{17EF9E5D-6718-4CCE-B7F1-0F15E330E37C}"
EndProject
Project("{2150E333-8FDC-42A3-9474-1A3956D46DE8}") = "结构型模式", "结构型模式", "{3CE1DC6E-09FF-44D7-91A9-B6A7639974CC}"
EndProject
Project("{FAE04EC0-301F-11D3-BF4B-00C04F79EFBC}") = "AdapterPattern", "AdapterPattern\AdapterPattern.csproj", "{D98FA88C-8862-491B-85F4-DD04CA7BFAD4}"
EndProject
Project("{FAE04EC0-301F-11D3-BF4B-00C04F79EFBC}") = "FacadePattern", "FacadePattern\FacadePattern.csproj", "{76EDE784-B47C-4F98-9ADE-5D9E64315208}"
EndProject
Project("{FAE04EC0-301F-11D3-BF4B-00C04F79EFBC}") = "ObserverPattern", "ObserverPattern\ObserverPattern.csproj", "{05FB7565-52D1-40C7-B2A5-D85A79EAE7B3}"
EndProject
Project("{2150E333-8FDC-42A3-9474-1A3956D46DE8}") = "Solution Items", "Solution Items", "{0BED342D-3A32-49D8-9B98-C97E2FC7A112}"
	ProjectSection(SolutionItems) = preProject
		TextFile1.txt = TextFile1.txt
	EndProjectSection
EndProject
Global
	GlobalSection(SolutionConfigurationPlatforms) = preSolution
		Debug|x86 = Debug|x86
		Release|x86 = Release|x86
	EndGlobalSection
	GlobalSection(ProjectConfigurationPlatforms) = postSolution
		{BE4A97D3-F9A5-4F62-B011-E8FBE42EC09B}.Debug|x86.ActiveCfg = Debug|x86
		{BE4A97D3-F9A5-4F62-B011-E8FBE42EC09B}.Debug|x86.Build.0 = Debug|x86
		{BE4A97D3-F9A5-4F62-B011-E8FBE42EC09B}.Release|x86.ActiveCfg = Release|x86
		{BE4A97D3-F9A5-4F62-B011-E8FBE42EC09B}.Release|x86.Build.0 = Release|x86
		{8D626C2A-71F4-4AE8-947F-FC5EB686D2A5}.Debug|x86.ActiveCfg = Debug|x86
		{8D626C2A-71F4-4AE8-947F-FC5EB686D2A5}.Debug|x86.Build.0 = Debug|x86
		{8D626C2A-71F4-4AE8-947F-FC5EB686D2A5}.Release|x86.ActiveCfg = Release|x86
		{8D626C2A-71F4-4AE8-947F-FC5EB686D2A5}.Release|x86.Build.0 = Release|x86
		{3FB9E221-AAA5-4802-B207-99EB3D502A57}.Debug|x86.ActiveCfg = Debug|x86
		{3FB9E221-AAA5-4802-B207-99EB3D502A57}.Debug|x86.Build.0 = Debug|x86
		{3FB9E221-AAA5-4802-B207-99EB3D502A57}.Release|x86.ActiveCfg = Release|x86
		{3FB9E221-AAA5-4802-B207-99EB3D502A57}.Release|x86.Build.0 = Release|x86
		{52AC7629-39F9-4F8A-A3AC-DCFC2275E6D5}.Debug|x86.ActiveCfg = Debug|x86
		{52AC7629-39F9-4F8A-A3AC-DCFC2275E6D5}.Debug|x86.Build.0 = Debug|x86
		{52AC7629-39F9-4F8A-A3AC-DCFC2275E6D5}.Release|x86.ActiveCfg = Release|x86
		{52AC7629-39F9-4F8A-A3AC-DCFC2275E6D5}.Release|x86.Build.0 = Release|x86
		{35DC30BC-7ACC-4813-A158-9F7F27BEFEA6}.Debug|x86.ActiveCfg = Debug|x86
		{35DC30BC-7ACC-4813-A158-9F7F27BEFEA6}.Debug|x86.Build.0 = Debug|x86
		{35DC30BC-7ACC-4813-A158-9F7F27BEFEA6}.Release|x86.ActiveCfg = Release|x86
		{35DC30BC-7ACC-4813-A158-9F7F27BEFEA6}.Release|x86.Build.0 = Release|x86
		{6C2DB76A-24CF-450C-8E37-DE5FB32121D3}.Debug|x86.ActiveCfg = Debug|x86
		{6C2DB76A-24CF-450C-8E37-DE5FB32121D3}.Debug|x86.Build.0 = Debug|x86
		{6C2DB76A-24CF-450C-8E37-DE5FB32121D3}.Release|x86.ActiveCfg = Release|x86
		{6C2DB76A-24CF-450C-8E37-DE5FB32121D3}.Release|x86.Build.0 = Release|x86
		{D5EC6134-D628-4B83-B319-0C1F0064D374}.Debug|x86.ActiveCfg = Debug|x86
		{D5EC6134-D628-4B83-B319-0C1F0064D374}.Debug|x86.Build.0 = Debug|x86
		{D5EC6134-D628-4B83-B319-0C1F0064D374}.Release|x86.ActiveCfg = Release|x86
		{D5EC6134-D628-4B83-B319-0C1F0064D374}.Release|x86.Build.0 = Release|x86
		{F444DB76-2B55-4D70-9AE5-8D6DF8E6E693}.Debug|x86.ActiveCfg = Debug|x86
		{F444DB76-2B55-4D70-9AE5-8D6DF8E6E693}.Debug|x86.Build.0 = Debug|x86
		{F444DB76-2B55-4D70-9AE5-8D6DF8E6E693}.Release|x86.ActiveCfg = Release|x86
		{F444DB76-2B55-4D70-9AE5-8D6DF8E6E693}.Release|x86.Build.0 = Release|x86
		{79C832D0-8B3C-4164-83A3-E3CAFDD6469A}.Debug|x86.ActiveCfg = Debug|x86
		{79C832D0-8B3C-4164-83A3-E3CAFDD6469A}.Debug|x86.Build.0 = Debug|x86
		{79C832D0-8B3C-4164-83A3-E3CAFDD6469A}.Release|x86.ActiveCfg = Release|x86
		{79C832D0-8B3C-4164-83A3-E3CAFDD6469A}.Release|x86.Build.0 = Release|x86
		{9674A2EB-922A-4307-AD94-DA8D6CE3F57D}.Debug|x86.ActiveCfg = Debug|x86
		{9674A2EB-922A-4307-AD94-DA8D6CE3F57D}.Debug|x86.Build.0 = Debug|x86
		{9674A2EB-922A-4307-AD94-DA8D6CE3F57D}.Release|x86.ActiveCfg = Release|x86
		{9674A2EB-922A-4307-AD94-DA8D6CE3F57D}.Release|x86.Build.0 = Release|x86
		{C76FC82C-D000-47C6-BA87-C4BC8707583E}.Debug|x86.ActiveCfg = Debug|x86
		{C76FC82C-D000-47C6-BA87-C4BC8707583E}.Debug|x86.Build.0 = Debug|x86
		{C76FC82C-D000-47C6-BA87-C4BC8707583E}.Release|x86.ActiveCfg = Release|x86
		{C76FC82C-D000-47C6-BA87-C4BC8707583E}.Release|x86.Build.0 = Release|x86
		{A54102EC-DC08-430C-8186-89CC1697DF9C}.Debug|x86.ActiveCfg = Debug|x86
		{A54102EC-DC08-430C-8186-89CC1697DF9C}.Debug|x86.Build.0 = Debug|x86
		{A54102EC-DC08-430C-8186-89CC1697DF9C}.Release|x86.ActiveCfg = Release|x86
		{A54102EC-DC08-430C-8186-89CC1697DF9C}.Release|x86.Build.0 = Release|x86
		{36C48B61-439E-4D08-87E4-B22948D05A65}.Debug|x86.ActiveCfg = Debug|x86
		{36C48B61-439E-4D08-87E4-B22948D05A65}.Debug|x86.Build.0 = Debug|x86
		{36C48B61-439E-4D08-87E4-B22948D05A65}.Release|x86.ActiveCfg = Release|x86
		{36C48B61-439E-4D08-87E4-B22948D05A65}.Release|x86.Build.0 = Release|x86
		{0BDA2370-6C93-4CEB-A849-6D6D5A8DF7DE}.Debug|x86.ActiveCfg = Debug|x86
		{0BDA2370-6C93-4CEB-A849-6D6D5A8DF7DE}.Debug|x86.Build.0 = Debug|x86
		{0BDA2370-6C93-4CEB-A849-6D6D5A8DF7DE}.Release|x86.ActiveCfg = Release|x86
		{0BDA2370-6C93-4CEB-A849-6D6D5A8DF7DE}.Release|x86.Build.0 = Release|x86
		{4846AF7A-0E29-47AB-9539-59200EBC3520}.Debug|x86.ActiveCfg = Debug|x86
		{4846AF7A-0E29-47AB-9539-59200EBC3520}.Debug|x86.Build.0 = Debug|x86
		{4846AF7A-0E29-47AB-9539-59200EBC3520}.Release|x86.ActiveCfg = Release|x86
		{4846AF7A-0E29-47AB-9539-59200EBC3520}.Release|x86.Build.0 = Release|x86
		{8E476620-967B-43A4-896F-7BC09535531E}.Debug|x86.ActiveCfg = Debug|x86
		{8E476620-967B-43A4-896F-7BC09535531E}.Debug|x86.Build.0 = Debug|x86
		{8E476620-967B-43A4-896F-7BC09535531E}.Release|x86.ActiveCfg = Release|x86
		{8E476620-967B-43A4-896F-7BC09535531E}.Release|x86.Build.0 = Release|x86
		{089DDA6D-BD62-4C68-A9D8-75C53D1513C6}.Debug|x86.ActiveCfg = Debug|x86
		{089DDA6D-BD62-4C68-A9D8-75C53D1513C6}.Debug|x86.Build.0 = Debug|x86
		{089DDA6D-BD62-4C68-A9D8-75C53D1513C6}.Release|x86.ActiveCfg = Release|x86
		{089DDA6D-BD62-4C68-A9D8-75C53D1513C6}.Release|x86.Build.0 = Release|x86
		{2159D82B-E275-4DC1-90AB-D42A29B64012}.Debug|x86.ActiveCfg = Debug|x86
		{2159D82B-E275-4DC1-90AB-D42A29B64012}.Debug|x86.Build.0 = Debug|x86
		{2159D82B-E275-4DC1-90AB-D42A29B64012}.Release|x86.ActiveCfg = Release|x86
		{2159D82B-E275-4DC1-90AB-D42A29B64012}.Release|x86.Build.0 = Release|x86
		{688758EF-3BC5-4035-9820-86EB7F35B4DB}.Debug|x86.ActiveCfg = Debug|x86
		{688758EF-3BC5-4035-9820-86EB7F35B4DB}.Debug|x86.Build.0 = Debug|x86
		{688758EF-3BC5-4035-9820-86EB7F35B4DB}.Release|x86.ActiveCfg = Release|x86
		{688758EF-3BC5-4035-9820-86EB7F35B4DB}.Release|x86.Build.0 = Release|x86
		{8D99D71E-B21A-4506-95ED-F29C9A00EA54}.Debug|x86.ActiveCfg = Debug|x86
		{8D99D71E-B21A-4506-95ED-F29C9A00EA54}.Debug|x86.Build.0 = Debug|x86
		{8D99D71E-B21A-4506-95ED-F29C9A00EA54}.Release|x86.ActiveCfg = Release|x86
		{8D99D71E-B21A-4506-95ED-F29C9A00EA54}.Release|x86.Build.0 = Release|x86
		{D98FA88C-8862-491B-85F4-DD04CA7BFAD4}.Debug|x86.ActiveCfg = Debug|x86
		{D98FA88C-8862-491B-85F4-DD04CA7BFAD4}.Debug|x86.Build.0 = Debug|x86
		{D98FA88C-8862-491B-85F4-DD04CA7BFAD4}.Release|x86.ActiveCfg = Release|x86
		{D98FA88C-8862-491B-85F4-DD04CA7BFAD4}.Release|x86.Build.0 = Release|x86
		{76EDE784-B47C-4F98-9ADE-5D9E64315208}.Debug|x86.ActiveCfg = Debug|x86
		{76EDE784-B47C-4F98-9ADE-5D9E64315208}.Debug|x86.Build.0 = Debug|x86
		{76EDE784-B47C-4F98-9ADE-5D9E64315208}.Release|x86.ActiveCfg = Release|x86
		{76EDE784-B47C-4F98-9ADE-5D9E64315208}.Release|x86.Build.0 = Release|x86
		{05FB7565-52D1-40C7-B2A5-D85A79EAE7B3}.Debug|x86.ActiveCfg = Debug|x86
		{05FB7565-52D1-40C7-B2A5-D85A79EAE7B3}.Debug|x86.Build.0 = Debug|x86
		{05FB7565-52D1-40C7-B2A5-D85A79EAE7B3}.Release|x86.ActiveCfg = Release|x86
		{05FB7565-52D1-40C7-B2A5-D85A79EAE7B3}.Release|x86.Build.0 = Release|x86
	EndGlobalSection
	GlobalSection(SolutionProperties) = preSolution
		HideSolutionNode = FALSE
	EndGlobalSection
	GlobalSection(NestedProjects) = preSolution
		{A54102EC-DC08-430C-8186-89CC1697DF9C} = {1BB6A1A8-2141-4927-BAEC-7EDFA7D76C7C}
		{688758EF-3BC5-4035-9820-86EB7F35B4DB} = {1BB6A1A8-2141-4927-BAEC-7EDFA7D76C7C}
		{8D99D71E-B21A-4506-95ED-F29C9A00EA54} = {1BB6A1A8-2141-4927-BAEC-7EDFA7D76C7C}
		{35DC30BC-7ACC-4813-A158-9F7F27BEFEA6} = {1BB6A1A8-2141-4927-BAEC-7EDFA7D76C7C}
		{9674A2EB-922A-4307-AD94-DA8D6CE3F57D} = {1BB6A1A8-2141-4927-BAEC-7EDFA7D76C7C}
		{0BDA2370-6C93-4CEB-A849-6D6D5A8DF7DE} = {17EF9E5D-6718-4CCE-B7F1-0F15E330E37C}
		{4846AF7A-0E29-47AB-9539-59200EBC3520} = {17EF9E5D-6718-4CCE-B7F1-0F15E330E37C}
		{05FB7565-52D1-40C7-B2A5-D85A79EAE7B3} = {17EF9E5D-6718-4CCE-B7F1-0F15E330E37C}
		{F444DB76-2B55-4D70-9AE5-8D6DF8E6E693} = {17EF9E5D-6718-4CCE-B7F1-0F15E330E37C}
		{3FB9E221-AAA5-4802-B207-99EB3D502A57} = {17EF9E5D-6718-4CCE-B7F1-0F15E330E37C}
		{8D626C2A-71F4-4AE8-947F-FC5EB686D2A5} = {17EF9E5D-6718-4CCE-B7F1-0F15E330E37C}
		{79C832D0-8B3C-4164-83A3-E3CAFDD6469A} = {17EF9E5D-6718-4CCE-B7F1-0F15E330E37C}
		{36C48B61-439E-4D08-87E4-B22948D05A65} = {17EF9E5D-6718-4CCE-B7F1-0F15E330E37C}
		{2159D82B-E275-4DC1-90AB-D42A29B64012} = {17EF9E5D-6718-4CCE-B7F1-0F15E330E37C}
		{52AC7629-39F9-4F8A-A3AC-DCFC2275E6D5} = {17EF9E5D-6718-4CCE-B7F1-0F15E330E37C}
		{089DDA6D-BD62-4C68-A9D8-75C53D1513C6} = {17EF9E5D-6718-4CCE-B7F1-0F15E330E37C}
		{D98FA88C-8862-491B-85F4-DD04CA7BFAD4} = {3CE1DC6E-09FF-44D7-91A9-B6A7639974CC}
		{8E476620-967B-43A4-896F-7BC09535531E} = {3CE1DC6E-09FF-44D7-91A9-B6A7639974CC}
		{76EDE784-B47C-4F98-9ADE-5D9E64315208} = {3CE1DC6E-09FF-44D7-91A9-B6A7639974CC}
		{BE4A97D3-F9A5-4F62-B011-E8FBE42EC09B} = {3CE1DC6E-09FF-44D7-91A9-B6A7639974CC}
		{6C2DB76A-24CF-450C-8E37-DE5FB32121D3} = {3CE1DC6E-09FF-44D7-91A9-B6A7639974CC}
		{D5EC6134-D628-4B83-B319-0C1F0064D374} = {3CE1DC6E-09FF-44D7-91A9-B6A7639974CC}
		{C76FC82C-D000-47C6-BA87-C4BC8707583E} = {3CE1DC6E-09FF-44D7-91A9-B6A7639974CC}
	EndGlobalSection
EndGlobal
